
Microsoft Visual Studio Solution File, Format Version 12.00
# Visual Studio Version 17
VisualStudioVersion = 17.11.35312.102
MinimumVisualStudioVersion = 10.0.40219.1
Project("{FAE04EC0-301F-11D3-BF4B-00C04F79EFBC}") = "inventory_mobile_app", "inventory_mobile_app.csproj", "{33E2BE22-A63F-4170-BA49-E4C89CECDA3C}"
EndProject
Global
	GlobalSection(SolutionConfigurationPlatforms) = preSolution
		Debug|Any CPU = Debug|Any CPU
		Release|Any CPU = Release|Any CPU
	EndGlobalSection
	GlobalSection(ProjectConfigurationPlatforms) = postSolution
		{33E2BE22-A63F-4170-BA49-E4C89CECDA3C}.Debug|Any CPU.ActiveCfg = Debug|Any CPU
		{33E2BE22-A63F-4170-BA49-E4C89CECDA3C}.Debug|Any CPU.Build.0 = Debug|Any CPU
		{33E2BE22-A63F-4170-BA49-E4C89CECDA3C}.Debug|Any CPU.Deploy.0 = Debug|Any CPU
		{33E2BE22-A63F-4170-BA49-E4C89CECDA3C}.Release|Any CPU.ActiveCfg = Release|Any CPU
		{33E2BE22-A63F-4170-BA49-E4C89CECDA3C}.Release|Any CPU.Build.0 = Release|Any CPU
		{33E2BE22-A63F-4170-BA49-E4C89CECDA3C}.Release|Any CPU.Deploy.0 = Release|Any CPU
	EndGlobalSection
	GlobalSection(SolutionProperties) = preSolution
		HideSolutionNode = FALSE
	EndGlobalSection
	GlobalSection(ExtensibilityGlobals) = postSolution
		SolutionGuid = {47AFC3D4-D62A-4F64-9763-6A69C43E0F39}
	EndGlobalSection
EndGlobal
